Microsoft Visual Studio Solution File, Format Version 12.00
# Visual Studio Version 17
VisualStudioVersion = 17.5.2.0
MinimumVisualStudioVersion = 10.0.40219.1
Project("{FAE04EC0-301F-11D3-BF4B-00C04F79EFBC}") = "cs-project", "cs-project.csproj", "{73DD207F-0D8C-7961-E39C-A92CF12FF3EA}"
EndProject
Global
	GlobalSection(SolutionConfigurationPlatforms) = preSolution
		Debug|Any CPU = Debug|Any CPU
		Release|Any CPU = Release|Any CPU
	EndGlobalSection
	GlobalSection(ProjectConfigurationPlatforms) = postSolution
		{73DD207F-0D8C-7961-E39C-A92CF12FF3EA}.Debug|Any CPU.ActiveCfg = Debug|Any CPU
		{73DD207F-0D8C-7961-E39C-A92CF12FF3EA}.Debug|Any CPU.Build.0 = Debug|Any CPU
		{73DD207F-0D8C-7961-E39C-A92CF12FF3EA}.Release|Any CPU.ActiveCfg = Release|Any CPU
		{73DD207F-0D8C-7961-E39C-A92CF12FF3EA}.Release|Any CPU.Build.0 = Release|Any CPU
	EndGlobalSection
	GlobalSection(SolutionProperties) = preSolution
		HideSolutionNode = FALSE
	EndGlobalSection
	GlobalSection(ExtensibilityGlobals) = postSolution
		SolutionGuid = {A6077AAD-D834-4DAE-9ABB-754342F7BABE}
	EndGlobalSection
EndGlobal
